
Microsoft Visual Studio Solution File, Format Version 12.00
# Visual Studio Version 17
VisualStudioVersion = 17.11.35312.102
MinimumVisualStudioVersion = 10.0.40219.1
Project("{FAE04EC0-301F-11D3-BF4B-00C04F79EFBC}") = "Snake", "Snake\Snake.csproj", "{488EFEB5-A39A-4EBF-9F0F-1654C2F355F4}"
EndProject
Global
	GlobalSection(SolutionConfigurationPlatforms) = preSolution
		Debug|Any CPU = Debug|Any CPU
		Release|Any CPU = Release|Any CPU
	EndGlobalSection
	GlobalSection(ProjectConfigurationPlatforms) = postSolution
		{488EFEB5-A39A-4EBF-9F0F-1654C2F355F4}.Debug|Any CPU.ActiveCfg = Debug|Any CPU
		{488EFEB5-A39A-4EBF-9F0F-1654C2F355F4}.Debug|Any CPU.Build.0 = Debug|Any CPU
		{488EFEB5-A39A-4EBF-9F0F-1654C2F355F4}.Release|Any CPU.ActiveCfg = Release|Any CPU
		{488EFEB5-A39A-4EBF-9F0F-1654C2F355F4}.Release|Any CPU.Build.0 = Release|Any CPU
	EndGlobalSection
	GlobalSection(SolutionProperties) = preSolution
		HideSolutionNode = FALSE
	EndGlobalSection
	GlobalSection(ExtensibilityGlobals) = postSolution
		SolutionGuid = {1D57E376-D34D-4534-9FA7-CC1EA8235C0C}
	EndGlobalSection
EndGlobal
